
Microsoft Visual Studio Solution File, Format Version 12.00
# Visual Studio 15
VisualStudioVersion = 15.0.27703.2042
MinimumVisualStudioVersion = 10.0.40219.1
Project("{FAE04EC0-301F-11D3-BF4B-00C04F79EFBC}") = "CompilerProgram", "CSharpCompiler\CompilerProgram.csproj", "{C7B2408F-52AF-4061-9C41-6B9B723BFFBA}"
EndProject
Project("{FAE04EC0-301F-11D3-BF4B-00C04F79EFBC}") = "ToolingPackage", "ToolingPackage\ToolingPackage.csproj", "{591CF6E1-52FE-4F52-AABA-852A50FFA8EB}"
EndProject
Project("{FAE04EC0-301F-11D3-BF4B-00C04F79EFBC}") = "ToolingPackageTests", "ToolingPackageTests\ToolingPackageTests.csproj", "{2E63B401-A75B-477F-B820-B35A98E291D4}"
EndProject
Global
	GlobalSection(SolutionConfigurationPlatforms) = preSolution
		Debug|Any CPU = Debug|Any CPU
		Release|Any CPU = Release|Any CPU
	EndGlobalSection
	GlobalSection(ProjectConfigurationPlatforms) = postSolution
		{C7B2408F-52AF-4061-9C41-6B9B723BFFBA}.Debug|Any CPU.ActiveCfg = Debug|Any CPU
		{C7B2408F-52AF-4061-9C41-6B9B723BFFBA}.Debug|Any CPU.Build.0 = Debug|Any CPU
		{C7B2408F-52AF-4061-9C41-6B9B723BFFBA}.Release|Any CPU.ActiveCfg = Release|Any CPU
		{C7B2408F-52AF-4061-9C41-6B9B723BFFBA}.Release|Any CPU.Build.0 = Release|Any CPU
		{591CF6E1-52FE-4F52-AABA-852A50FFA8EB}.Debug|Any CPU.ActiveCfg = Debug|Any CPU
		{591CF6E1-52FE-4F52-AABA-852A50FFA8EB}.Debug|Any CPU.Build.0 = Debug|Any CPU
		{591CF6E1-52FE-4F52-AABA-852A50FFA8EB}.Release|Any CPU.ActiveCfg = Release|Any CPU
		{591CF6E1-52FE-4F52-AABA-852A50FFA8EB}.Release|Any CPU.Build.0 = Release|Any CPU
		{2E63B401-A75B-477F-B820-B35A98E291D4}.Debug|Any CPU.ActiveCfg = Debug|Any CPU
		{2E63B401-A75B-477F-B820-B35A98E291D4}.Debug|Any CPU.Build.0 = Debug|Any CPU
		{2E63B401-A75B-477F-B820-B35A98E291D4}.Release|Any CPU.ActiveCfg = Release|Any CPU
		{2E63B401-A75B-477F-B820-B35A98E291D4}.Release|Any CPU.Build.0 = Release|Any CPU
	EndGlobalSection
	GlobalSection(SolutionProperties) = preSolution
		HideSolutionNode = FALSE
	EndGlobalSection
	GlobalSection(ExtensibilityGlobals) = postSolution
		SolutionGuid = {94AC7CEE-EC72-42DE-B880-6B0279534579}
	EndGlobalSection
EndGlobal
